// !$*UTF8*$!
{
	archiveVersion = 1;
	classes = {
	};
	objectVersion = 50;
	objects = {

/* Begin PBXBuildFile section */
		76FA8CF5215A5ACE0051821D /* AppDelegate.swift in Sources */ = {isa = PBXBuildFile; fileRef = 76FA8CF4215A5ACE0051821D /* AppDelegate.swift */; };
		76FA8CF7215A5ACE0051821D /* ViewController.swift in Sources */ = {isa = PBXBuildFile; fileRef = 76FA8CF6215A5ACE0051821D /* ViewController.swift */; };
		76FA8CFA215A5ACE0051821D /* Main.storyboard in Resources */ = {isa = PBXBuildFile; fileRef = 76FA8CF8215A5ACE0051821D /* Main.storyboard */; };
		76FA8CFC215A5ACE0051821D /* Assets.xcassets in Resources */ = {isa = PBXBuildFile; fileRef = 76FA8CFB215A5ACE0051821D /* Assets.xcassets */; };
		76FA8CFF215A5ACE0051821D /* LaunchScreen.storyboard in Resources */ = {isa = PBXBuildFile; fileRef = 76FA8CFD215A5ACE0051821D /* LaunchScreen.storyboard */; };
		77D28C06D361182C07E4561C /* Pods_StarterKit.framework in Frameworks */ = {isa = PBXBuildFile; fileRef = 2F2A602B8C447D18BBD311B8 /* Pods_StarterKit.framework */; };
/* End PBXBuildFile section */

/* Begin PBXFileReference section */
		1E49C6D0F4B34437F5A0B1B8 /* Pods-StarterKit.release.xcconfig */ = {isa = PBXFileReference; includeInIndex = 1; lastKnownFileType = text.xcconfig; name = "Pods-StarterKit.release.xcconfig"; path = "Pods/Target Support Files/Pods-StarterKit/Pods-StarterKit.release.xcconfig"; sourceTree = "<group>"; };
		2F2A602B8C447D18BBD311B8 /* Pods_StarterKit.framework */ = {isa = PBXFileReference; explicitFileType = wrapper.framework; includeInIndex = 0; path = Pods_StarterKit.framework; sourceTree = BUILT_PRODUCTS_DIR; };
		76FA8CF1215A5ACD0051821D /* StarterKit.app */ = {isa = PBXFileReference; explicitFileType = wrapper.application; includeInIndex = 0; path = StarterKit.app; sourceTree = BUILT_PRODUCTS_DIR; };
		76FA8CF4215A5ACE0051821D /* AppDelegate.swift */ = {isa = PBXFileReference; lastKnownFileType = sourcecode.swift; path = AppDelegate.swift; sourceTree = "<group>"; };
		76FA8CF6215A5ACE0051821D /* ViewController.swift */ = {isa = PBXFileReference; lastKnownFileType = sourcecode.swift; path = ViewController.swift; sourceTree = "<group>"; };
		76FA8CF9215A5ACE0051821D /* Base */ = {isa = PBXFileReference; lastKnownFileType = file.storyboard; name = Base; path = Base.lproj/Main.storyboard; sourceTree = "<group>"; };
		76FA8CFB215A5ACE0051821D /* Assets.xcassets */ = {isa = PBXFileReference; lastKnownFileType = folder.assetcatalog; path = Assets.xcassets; sourceTree = "<group>"; };
		76FA8CFE215A5ACE0051821D /* Base */ = {isa = PBXFileReference; lastKnownFileType = file.storyboard; name = Base; path = Base.lproj/LaunchScreen.storyboard; sourceTree = "<group>"; };
		76FA8D00215A5ACE0051821D /* Info.plist */ = {isa = PBXFileReference; lastKnownFileType = text.plist.xml; path = Info.plist; sourceTree = "<group>"; };
		A7FDF3E0AADF0C03A63151CD /* Pods-StarterKit.debug.xcconfig */ = {isa = PBXFileReference; includeInIndex = 1; lastKnownFileType = text.xcconfig; name = "Pods-StarterKit.debug.xcconfig"; path = "Pods/Target Support Files/Pods-StarterKit/Pods-StarterKit.debug.xcconfig"; sourceTree = "<group>"; };
/* End PBXFileReference section */

/* Begin PBXFrameworksBuildPhase section */
		76FA8CEE215A5ACD0051821D /* Frameworks */ = {
			isa = PBXFrameworksBuildPhase;
			buildActionMask = 2147483647;
			files = (
				77D28C06D361182C07E4561C /* Pods_StarterKit.framework in Frameworks */,
			);
			runOnlyForDeploymentPostprocessing = 0;
		};
/* End PBXFrameworksBuildPhase section */

/* Begin PBXGroup section */
		76FA8CE8215A5ACD0051821D = {
			isa = PBXGroup;
			children = (
				76FA8CF3215A5ACD0051821D /* StarterKit */,
				76FA8CF2215A5ACD0051821D /* Products */,
				79162203C58110714979217D /* Pods */,
				8360710D0F4F2204836AB99C /* Frameworks */,
			);
			sourceTree = "<group>";
		};
		76FA8CF2215A5ACD0051821D /* Products */ = {
			isa = PBXGroup;
			children = (
				76FA8CF1215A5ACD0051821D /* StarterKit.app */,
			);
			name = Products;
			sourceTree = "<group>";
		};
		76FA8CF3215A5ACD0051821D /* StarterKit */ = {
			isa = PBXGroup;
			children = (
				76FA8CF4215A5ACE0051821D /* AppDelegate.swift */,
				76FA8CF6215A5ACE0051821D /* ViewController.swift */,
				76FA8CF8215A5ACE0051821D /* Main.storyboard */,
				76FA8CFB215A5ACE0051821D /* Assets.xcassets */,
				76FA8CFD215A5ACE0051821D /* LaunchScreen.storyboard */,
				76FA8D00215A5ACE0051821D /* Info.plist */,
			);
			path = StarterKit;
			sourceTree = "<group>";
		};
		79162203C58110714979217D /* Pods */ = {
			isa = PBXGroup;
			children = (
				A7FDF3E0AADF0C03A63151CD /* Pods-StarterKit.debug.xcconfig */,
				1E49C6D0F4B34437F5A0B1B8 /* Pods-StarterKit.release.xcconfig */,
			);
			name = Pods;
			sourceTree = "<group>";
		};
		8360710D0F4F2204836AB99C /* Frameworks */ = {
			isa = PBXGroup;
			children = (
				2F2A602B8C447D18BBD311B8 /* Pods_StarterKit.framework */,
			);
			name = Frameworks;
			sourceTree = "<group>";
		};
/* End PBXGroup section */

/* Begin PBXNativeTarget section */
		76FA8CF0215A5ACD0051821D /* StarterKit */ = {
			isa = PBXNativeTarget;
			buildConfigurationList = 76FA8D03215A5ACE0051821D /* Build configuration list for PBXNativeTarget "StarterKit" */;
			buildPhases = (
				E82F00E03FC16D9CD43ACF4C /* [CP] Check Pods Manifest.lock */,
				76FA8CED215A5ACD0051821D /* Sources */,
				76FA8CEE215A5ACD0051821D /* Frameworks */,
				76FA8CEF215A5ACD0051821D /* Resources */,
				F277B5607919F242D2D8328C /* [CP] Embed Pods Frameworks */,
			);
			buildRules = (
			);
			dependencies = (
			);
			name = StarterKit;
			productName = StarterKit;
			productReference = 76FA8CF1215A5ACD0051821D /* StarterKit.app */;
			productType = "com.apple.product-type.application";
		};
/* End PBXNativeTarget section */

/* Begin PBXProject section */
		76FA8CE9215A5ACD0051821D /* Project object */ = {
			isa = PBXProject;
			attributes = {
				LastSwiftUpdateCheck = 1000;
				LastUpgradeCheck = 1000;
				ORGANIZATIONNAME = "Alexandru Ghiura";
				TargetAttributes = {
					76FA8CF0215A5ACD0051821D = {
						CreatedOnToolsVersion = 10.0;
					};
				};
			};
			buildConfigurationList = 76FA8CEC215A5ACD0051821D /* Build configuration list for PBXProject "StarterKit" */;
			compatibilityVersion = "Xcode 9.3";
			developmentRegion = en;
			hasScannedForEncodings = 0;
			knownRegions = (
				en,
				Base,
			);
			mainGroup = 76FA8CE8215A5ACD0051821D;
			productRefGroup = 76FA8CF2215A5ACD0051821D /* Products */;
			projectDirPath = "";
			projectRoot = "";
			targets = (
				76FA8CF0215A5ACD0051821D /* StarterKit */,
			);
		};
/* End PBXProject section */

/* Begin PBXResourcesBuildPhase section */
		76FA8CEF215A5ACD0051821D /* Resources */ = {
			isa = PBXResourcesBuildPhase;
			buildActionMask = 2147483647;
			files = (
				76FA8CFF215A5ACE0051821D /* LaunchScreen.storyboard in Resources */,
				76FA8CFC215A5ACE0051821D /* Assets.xcassets in Resources */,
				76FA8CFA215A5ACE0051821D /* Main.storyboard in Resources */,
			);
			runOnlyForDeploymentPostprocessing = 0;
		};
/* End PBXResourcesBuildPhase section */

/* Begin PBXShellScriptBuildPhase section */
		E82F00E03FC16D9CD43ACF4C /* [CP] Check Pods Manifest.lock */ = {
			isa = PBXShellScriptBuildPhase;
			buildActionMask = 2147483647;
			files = (
			);
			inputPaths = (
				"${PODS_PODFILE_DIR_PATH}/Podfile.lock",
				"${PODS_ROOT}/Manifest.lock",
			);
			name = "[CP] Check Pods Manifest.lock";
			outputPaths = (
				"$(DERIVED_FILE_DIR)/Pods-StarterKit-checkManifestLockResult.txt",
			);
			runOnlyForDeploymentPostprocessing = 0;
			shellPath = /bin/sh;
			shellScript = "diff \"${PODS_PODFILE_DIR_PATH}/Podfile.lock\" \"${PODS_ROOT}/Manifest.lock\" > /dev/null\nif [ $? != 0 ] ; then\n    # print error to STDERR\n    echo \"error: The sandbox is not in sync with the Podfile.lock. Run 'pod install' or update your CocoaPods installation.\" >&2\n    exit 1\nfi\n# This output is used by Xcode 'outputs' to avoid re-running this script phase.\necho \"SUCCESS\" > \"${SCRIPT_OUTPUT_FILE_0}\"\n";
			showEnvVarsInLog = 0;
		};
		F277B5607919F242D2D8328C /* [CP] Embed Pods Frameworks */ = {
			isa = PBXShellScriptBuildPhase;
			buildActionMask = 2147483647;
			files = (
			);
			inputPaths = (
				"${SRCROOT}/Pods/Target Support Files/Pods-StarterKit/Pods-StarterKit-frameworks.sh",
				"${BUILT_PRODUCTS_DIR}/GTMSessionFetcher/GTMSessionFetcher.framework",
				"${BUILT_PRODUCTS_DIR}/GoogleUtilities/GoogleUtilities.framework",
				"${BUILT_PRODUCTS_DIR}/nanopb/nanopb.framework",
			);
			name = "[CP] Embed Pods Frameworks";
			outputPaths = (
				"${TARGET_BUILD_DIR}/${FRAMEWORKS_FOLDER_PATH}/GTMSessionFetcher.framework",
				"${TARGET_BUILD_DIR}/${FRAMEWORKS_FOLDER_PATH}/GoogleUtilities.framework",
				"${TARGET_BUILD_DIR}/${FRAMEWORKS_FOLDER_PATH}/nanopb.framework",
			);
			runOnlyForDeploymentPostprocessing = 0;
			shellPath = /bin/sh;
			shellScript = "\"${SRCROOT}/Pods/Target Support Files/Pods-StarterKit/Pods-StarterKit-frameworks.sh\"\n";
			showEnvVarsInLog = 0;
		};
/* End PBXShellScriptBuildPhase section */

/* Begin PBXSourcesBuildPhase section */
		76FA8CED215A5ACD0051821D /* Sources */ = {
			isa = PBXSourcesBuildPhase;
			buildActionMask = 2147483647;
			files = (
				76FA8CF7215A5ACE0051821D /* ViewController.swift in Sources */,
				76FA8CF5215A5ACE0051821D /* AppDelegate.swift in Sources */,
			);
			runOnlyForDeploymentPostprocessing = 0;
		};
/* End PBXSourcesBuildPhase section */

/* Begin PBXVariantGroup section */
		76FA8CF8215A5ACE0051821D /* Main.storyboard */ = {
			isa = PBXVariantGroup;
			children = (
				76FA8CF9215A5ACE0051821D /* Base */,
			);
			name = Main.storyboard;
			sourceTree = "<group>";
		};
		76FA8CFD215A5ACE0051821D /* LaunchScreen.storyboard */ = {
			isa = PBXVariantGroup;
			children = (
				76FA8CFE215A5ACE0051821D /* Base */,
			);
			name = LaunchScreen.storyboard;
			sourceTree = "<group>";
		};
/* End PBXVariantGroup section */

/* Begin XCBuildConfiguration section */
		76FA8D01215A5ACE0051821D /* Debug */ = {
			isa = XCBuildConfiguration;
			buildSettings = {
				ALWAYS_SEARCH_USER_PATHS = NO;
				CLANG_ANALYZER_NONNULL = YES;
				CLANG_ANALYZER_NUMBER_OBJECT_CONVERSION = YES_AGGRESSIVE;
				CLANG_CXX_LANGUAGE_STANDARD = "gnu++14";
				CLANG_CXX_LIBRARY = "libc++";
				CLANG_ENABLE_MODULES = YES;
				CLANG_ENABLE_OBJC_ARC = YES;
				CLANG_ENABLE_OBJC_WEAK = YES;
				CLANG_WARN_BLOCK_CAPTURE_AUTORELEASING = YES;
				CLANG_WARN_BOOL_CONVERSION = YES;
				CLANG_WARN_COMMA = YES;
				CLANG_WARN_CONSTANT_CONVERSION = YES;
				CLANG_WARN_DEPRECATED_OBJC_IMPLEMENTATIONS = YES;
				CLANG_WARN_DIRECT_OBJC_ISA_USAGE = YES_ERROR;
				CLANG_WARN_DOCUMENTATION_COMMENTS = YES;
				CLANG_WARN_EMPTY_BODY = YES;
				CLANG_WARN_ENUM_CONVERSION = YES;
				CLANG_WARN_INFINITE_RECURSION = YES;
				CLANG_WARN_INT_CONVERSION = YES;
				CLANG_WARN_NON_LITERAL_NULL_CONVERSION = YES;
				CLANG_WARN_OBJC_IMPLICIT_RETAIN_SELF = YES;
				CLANG_WARN_OBJC_LITERAL_CONVERSION = YES;
				CLANG_WARN_OBJC_ROOT_CLASS = YES_ERROR;
				CLANG_WARN_RANGE_LOOP_ANALYSIS = YES;
				CLANG_WARN_STRICT_PROTOTYPES = YES;
				CLANG_WARN_SUSPICIOUS_MOVE = YES;
				CLANG_WARN_UNGUARDED_AVAILABILITY = YES_AGGRESSIVE;
				CLANG_WARN_UNREACHABLE_CODE = YES;
				CLANG_WARN__DUPLICATE_METHOD_MATCH = YES;
				CODE_SIGN_IDENTITY = "iPhone Developer";
				COPY_PHASE_STRIP = NO;
				DEBUG_INFORMATION_FORMAT = dwarf;
				ENABLE_STRICT_OBJC_MSGSEND = YES;
				ENABLE_TESTABILITY = YES;
				GCC_C_LANGUAGE_STANDARD = gnu11;
				GCC_DYNAMIC_NO_PIC = NO;
				GCC_NO_COMMON_BLOCKS = YES;
				GCC_OPTIMIZATION_LEVEL = 0;
				GCC_PREPROCESSOR_DEFINITIONS = (
					"DEBUG=1",
					"$(inherited)",
				);
				GCC_WARN_64_TO_32_BIT_CONVERSION = YES;
				GCC_WARN_ABOUT_RETURN_TYPE = YES_ERROR;
				GCC_WARN_UNDECLARED_SELECTOR = YES;
				GCC_WARN_UNINITIALIZED_AUTOS = YES_AGGRESSIVE;
				GCC_WARN_UNUSED_FUNCTION = YES;
				GCC_WARN_UNUSED_VARIABLE = YES;
				IPHONEOS_DEPLOYMENT_TARGET = 12.0;
				MTL_ENABLE_DEBUG_INFO = INCLUDE_SOURCE;
				MTL_FAST_MATH = YES;
				ONLY_ACTIVE_ARCH = YES;
				SDKROOT = iphoneos;
				SWIFT_ACTIVE_COMPILATION_CONDITIONS = DEBUG;
				SWIFT_OPTIMIZATION_LEVEL = "-Onone";
			};
			name = Debug;
		};
		76FA8D02215A5ACE0051821D /* Release */ = {
			isa = XCBuildConfiguration;
			buildSettings = {
				ALWAYS_SEARCH_USER_PATHS = NO;
				CLANG_ANALYZER_NONNULL = YES;
				CLANG_ANALYZER_NUMBER_OBJECT_CONVERSION = YES_AGGRESSIVE;
				CLANG_CXX_LANGUAGE_STANDARD = "gnu++14";
				CLANG_CXX_LIBRARY = "libc++";
				CLANG_ENABLE_MODULES = YES;
				CLANG_ENABLE_OBJC_ARC = YES;
				CLANG_ENABLE_OBJC_WEAK = YES;
				CLANG_WARN_BLOCK_CAPTURE_AUTORELEASING = YES;
				CLANG_WARN_BOOL_CONVERSION = YES;
				CLANG_WARN_COMMA = YES;
				CLANG_WARN_CONSTANT_CONVERSION = YES;
				CLANG_WARN_DEPRECATED_OBJC_IMPLEMENTATIONS = YES;
				CLANG_WARN_DIRECT_OBJC_ISA_USAGE = YES_ERROR;
				CLANG_WARN_DOCUMENTATION_COMMENTS = YES;
				CLANG_WARN_EMPTY_BODY = YES;
				CLANG_WARN_ENUM_CONVERSION = YES;
				CLANG_WARN_INFINITE_RECURSION = YES;
				CLANG_WARN_INT_CONVERSION = YES;
				CLANG_WARN_NON_LITERAL_NULL_CONVERSION = YES;
				CLANG_WARN_OBJC_IMPLICIT_RETAIN_SELF = YES;
				CLANG_WARN_OBJC_LITERAL_CONVERSION = YES;
				CLANG_WARN_OBJC_ROOT_CLASS = YES_ERROR;
				CLANG_WARN_RANGE_LOOP_ANALYSIS = YES;
				CLANG_WARN_STRICT_PROTOTYPES = YES;
				CLANG_WARN_SUSPICIOUS_MOVE = YES;
				CLANG_WARN_UNGUARDED_AVAILABILITY = YES_AGGRESSIVE;
				CLANG_WARN_UNREACHABLE_CODE = YES;
				CLANG_WARN__DUPLICATE_METHOD_MATCH = YES;
				CODE_SIGN_IDENTITY = "iPhone Developer";
				COPY_PHASE_STRIP = NO;
				DEBUG_INFORMATION_FORMAT = "dwarf-with-dsym";
				ENABLE_NS_ASSERTIONS = NO;
				ENABLE_STRICT_OBJC_MSGSEND = YES;
				GCC_C_LANGUAGE_STANDARD = gnu11;
				GCC_NO_COMMON_BLOCKS = YES;
				GCC_WARN_64_TO_32_BIT_CONVERSION = YES;
				GCC_WARN_ABOUT_RETURN_TYPE = YES_ERROR;
				GCC_WARN_UNDECLARED_SELECTOR = YES;
				GCC_WARN_UNINITIALIZED_AUTOS = YES_AGGRESSIVE;
				GCC_WARN_UNUSED_FUNCTION = YES;
				GCC_WARN_UNUSED_VARIABLE = YES;
				IPHONEOS_DEPLOYMENT_TARGET = 12.0;
				MTL_ENABLE_DEBUG_INFO = NO;
				MTL_FAST_MATH = YES;
				SDKROOT = iphoneos;
				SWIFT_COMPILATION_MODE = wholemodule;
				SWIFT_OPTIMIZATION_LEVEL = "-O";
				VALIDATE_PRODUCT = YES;
			};
			name = Release;
		};
		76FA8D04215A5ACE0051821D /* Debug */ = {
			isa = XCBuildConfiguration;
			baseConfigurationReference = A7FDF3E0AADF0C03A63151CD /* Pods-StarterKit.debug.xcconfig */;
			buildSettings = {
				ASSETCATALOG_COMPILER_APPICON_NAME = AppIcon;
				CODE_SIGN_STYLE = Automatic;
				DEVELOPMENT_TEAM = A389NJ353F;
				INFOPLIST_FILE = StarterKit/Info.plist;
				LD_RUNPATH_SEARCH_PATHS = (
					"$(inherited)",
					"@executable_path/Frameworks",
				);
				PRODUCT_BUNDLE_IDENTIFIER = "com.phimento.starter-kit";
				PRODUCT_NAME = "$(TARGET_NAME)";
				SWIFT_VERSION = 4.2;
				TARGETED_DEVICE_FAMILY = "1,2";
			};
			name = Debug;
		};
		76FA8D05215A5ACE0051821D /* Release */ = {
			isa = XCBuildConfiguration;
			baseConfigurationReference = 1E49C6D0F4B34437F5A0B1B8 /* Pods-StarterKit.release.xcconfig */;
			buildSettings = {
				ASSETCATALOG_COMPILER_APPICON_NAME = AppIcon;
				CODE_SIGN_STYLE = Automatic;
				DEVELOPMENT_TEAM = A389NJ353F;
				INFOPLIST_FILE = StarterKit/Info.plist;
				LD_RUNPATH_SEARCH_PATHS = (
					"$(inherited)",
					"@executable_path/Frameworks",
				);
				PRODUCT_BUNDLE_IDENTIFIER = "com.phimento.starter-kit";
				PRODUCT_NAME = "$(TARGET_NAME)";
				SWIFT_VERSION = 4.2;
				TARGETED_DEVICE_FAMILY = "1,2";
			};
			name = Release;
		};
/* End XCBuildConfiguration section */

/* Begin XCConfigurationList section */
		76FA8CEC215A5ACD0051821D /* Build configuration list for PBXProject "StarterKit" */ = {
			isa = XCConfigurationList;
			buildConfigurations = (
				76FA8D01215A5ACE0051821D /* Debug */,
				76FA8D02215A5ACE0051821D /* Release */,
			);
			defaultConfigurationIsVisible = 0;
			defaultConfigurationName = Release;
		};
		76FA8D03215A5ACE0051821D /* Build configuration list for PBXNativeTarget "StarterKit" */ = {
			isa = XCConfigurationList;
			buildConfigurations = (
				76FA8D04215A5ACE0051821D /* Debug */,
				76FA8D05215A5ACE0051821D /* Release */,
			);
			defaultConfigurationIsVisible = 0;
			defaultConfigurationName = Release;
		};
/* End XCConfigurationList section */
	};
	rootObject = 76FA8CE9215A5ACD0051821D /* Project object */;
}
